
Microsoft Visual Studio Solution File, Format Version 12.00
# Visual Studio Version 17
VisualStudioVersion = 17.4.33403.182
MinimumVisualStudioVersion = 10.0.40219.1
Project("{FAE04EC0-301F-11D3-BF4B-00C04F79EFBC}") = "PortMonitorAlert", "PortMonitorAlert\PortMonitorAlert.csproj", "{512137DA-7B06-4323-B625-CC7A74A931AB}"
EndProject
Global
	GlobalSection(SolutionConfigurationPlatforms) = preSolution
		Debug|Any CPU = Debug|Any CPU
		Release|Any CPU = Release|Any CPU
	EndGlobalSection
	GlobalSection(ProjectConfigurationPlatforms) = postSolution
		{512137DA-7B06-4323-B625-CC7A74A931AB}.Debug|Any CPU.ActiveCfg = Debug|Any CPU
		{512137DA-7B06-4323-B625-CC7A74A931AB}.Debug|Any CPU.Build.0 = Debug|Any CPU
		{512137DA-7B06-4323-B625-CC7A74A931AB}.Release|Any CPU.ActiveCfg = Release|Any CPU
		{512137DA-7B06-4323-B625-CC7A74A931AB}.Release|Any CPU.Build.0 = Release|Any CPU
	EndGlobalSection
	GlobalSection(SolutionProperties) = preSolution
		HideSolutionNode = FALSE
	EndGlobalSection
	GlobalSection(ExtensibilityGlobals) = postSolution
		SolutionGuid = {C53E5E82-070C-467A-9AD4-4B53E8CCA07D}
	EndGlobalSection
EndGlobal
